version = 1
revision = 3
requires-python = ">=3.10"

[[package]]
name = "colorama"
version = "0.4.6"
source = { registry = "https://pypi.org/simple" }
sdist = { url = "https://files.pythonhosted.org/packages/d8/53/6f443c9a4a8358a93a6792e2acffb9d9d5cb0a5cfd8802644b7b1c9a02e4/colorama-0.4.6.tar.gz", hash = "sha256:08695f5cb7ed6e0531a20572697297273c47b8cae5a63ffc6d6ed5c201be6e44", size = 27697, upload-time = "2022-10-25T02:36:22.414Z" }
wheels = [
    { url = "https://files.pythonhosted.org/packages/d1/d6/3965ed04c63042e047cb6a3e6ed1a63a35087b6a609aa3a15ed8ac56c221/colorama-0.4.6-py2.py3-none-any.whl", hash = "sha256:4f1d9991f5acc0ca119f9d443620b77f9d6b33703e51011c16baf57afb285fc6", size = 25335, upload-time = "2022-10-25T02:36:20.889Z" },
]

[[package]]
name = "exceptiongroup"
version = "1.3.1"
source = { registry = "https://pypi.org/simple" }
dependencies = [
    { name = "typing-extensions", marker = "python_full_version < '3.13'" },
]
sdist = { url = "https://files.pythonhosted.org/packages/50/79/66800aadf48771f6b62f7eb014e352e5d06856655206165d775e675a02c9/exceptiongroup-1.3.1.tar.gz", hash = "sha256:8b412432c6055b0b7d14c310000ae93352ed6754f70fa8f7c34141f91c4e3219", size = 30371, upload-time = "2025-11-21T23:01:54.787Z" }
wheels = [
    { url = "https://files.pythonhosted.org/packages/8a/0e/97c33bf5009bdbac74fd2beace167cab3f978feb69cc36f1ef79360d6c4e/exceptiongroup-1.3.1-py3-none-any.whl", hash = "sha256:a7a39a3bd276781e98394987d3a5701d0c4edffb633bb7a5144577f82c773598", size = 16740, upload-time = "2025-11-21T23:01:53.443Z" },
]

[[package]]
name = "iniconfig"
version = "2.3.0"
source = { registry = "https://pypi.org/simple" }
sdist = { url = "https://files.pythonhosted.org/packages/72/34/14ca021ce8e5dfedc35312d08ba8bf51fdd999c576889fc2c24cb97f4f10/iniconfig-2.3.0.tar.gz", hash = "sha256:c76315c77db068650d49c5b56314774a7804df16fee4402c1f19d6d15d8c4730", size = 20503, upload-time = "2025-10-18T21:55:43.219Z" }
wheels = [
    { url = "https://files.pythonhosted.org/packages/cb/b1/3846dd7f199d53cb17f49cba7e651e9ce294d8497c8c150530ed11865bb8/iniconfig-2.3.0-py3-none-any.whl", hash = "sha256:f631c04d2c48c52b84d0d0549c99ff3859c98df65b3101406327ecc7d53fbf12", size = 7484, upload-time = "2025-10-18T21:55:41.639Z" },
]

[[package]]
name = "monty-skill"
version = "0.1.0"
source = { virtual = "." }
dependencies = [
    { name = "pydantic-monty" },
]

[package.optional-dependencies]
dev = [
    { name = "pytest" },
]

[package.metadata]
requires-dist = [
    { name = "pydantic-monty" },
    { name = "pytest", marker = "extra == 'dev'" },
]
provides-extras = ["dev"]

[[package]]
name = "packaging"
version = "26.0"
source = { registry = "https://pypi.org/simple" }
sdist = { url = "https://files.pythonhosted.org/packages/65/ee/299d360cdc32edc7d2cf530f3accf79c4fca01e96ffc950d8a52213bd8e4/packaging-26.0.tar.gz", hash = "sha256:00243ae351a257117b6a241061796684b084ed1c516a08c48a3f7e147a9d80b4", size = 143416, upload-time = "2026-01-21T20:50:39.064Z" }
wheels = [
    { url = "https://files.pythonhosted.org/packages/b7/b9/c538f279a4e237a006a2c98387d081e9eb060d203d8ed34467cc0f0b9b53/packaging-26.0-py3-none-any.whl", hash = "sha256:b36f1fef9334a5588b4166f8bcd26a14e521f2b55e6b9de3aaa80d3ff7a37529", size = 74366, upload-time = "2026-01-21T20:50:37.788Z" },
]

[[package]]
name = "pluggy"
version = "1.6.0"
source = { registry = "https://pypi.org/simple" }
sdist = { url = "https://files.pythonhosted.org/packages/f9/e2/3e91f31a7d2b083fe6ef3fa267035b518369d9511ffab804f839851d2779/pluggy-1.6.0.tar.gz", hash = "sha256:7dcc130b76258d33b90f61b658791dede3486c3e6bfb003ee5c9bfb396dd22f3", size = 69412, upload-time = "2025-05-15T12:30:07.975Z" }
wheels = [
    { url = "https://files.pythonhosted.org/packages/54/20/4d324d65cc6d9205fabedc306948156824eb9f0ee1633355a8f7ec5c66bf/pluggy-1.6.0-py3-none-any.whl", hash = "sha256:e920276dd6813095e9377c0bc5566d94c932c33b27a3e3945d8389c374dd4746", size = 20538, upload-time = "2025-05-15T12:30:06.134Z" },
]

[[package]]
name = "pydantic-monty"
version = "0.0.4"
source = { registry = "https://pypi.org/simple" }
sdist = { url = "https://files.pythonhosted.org/packages/5e/6e/7ed116f2545faef034f65a2d85e3d1989d52293ec1ed98db0e70b8b23d61/pydantic_monty-0.0.4.tar.gz", hash = "sha256:f78b04f057deff3eb676d8e9c4a4754f3fb5ee353d68c3de0a4531c216918df2", size = 657214, upload-time = "2026-02-07T17:48:15.281Z" }
wheels = [
    { url = "https://files.pythonhosted.org/packages/c4/34/3339632f1220c353e716dd2ef9c3e306d3b31f5a91e841b2abea9b7644d0/pydantic_monty-0.0.4-cp310-cp310-macosx_10_12_x86_64.whl", hash = "sha256:061d2dc0493c24d4db3ddcb02fe009198e47596e9325ca9b5d99557ca21420aa", size = 5460448, upload-time = "2026-02-07T17:48:53.345Z" },
    { url = "https://files.pythonhosted.org/packages/65/e7/3fa06a0088b31df476906d1ddfd8f86fd74d2371b7232f0a153ccdaab9b3/pydantic_monty-0.0.4-cp310-cp310-macosx_11_0_arm64.whl", hash = "sha256:6e6362ca04de5ab9e21076e8d08a27be35769af62b7d6351ac33f004f8cf6605", size = 5562251, upload-time = "2026-02-07T17:48:14.037Z" },
    { url = "https://files.pythonhosted.org/packages/d7/0f/a117da6bfefa67260e4a43af91e3e803145b538503f90fac2783484dc96a/pydantic_monty-0.0.4-cp310-cp310-manylinux_2_17_aarch64.manylinux2014_aarch64.whl", hash = "sha256:2c63771a2cc98a3696fcd5843c42a57b703cdbcac8bd1ddc8a07baf3bdb60875", size = 5272119, upload-time = "2026-02-07T17:48:45.336Z" },
    { url = "https://files.pythonhosted.org/packages/f2/b7/0616adc6b29d71ac50772b52308fb20c831c51ca026b4152873efac8e1d6/pydantic_monty-0.0.4-cp310-cp310-manylinux_2_17_armv7l.manylinux2014_armv7l.whl", hash = "sha256:d8e07fee524224b7ee90c7c5bc21aef750dbcbd694154daac8589e7b6e92ca01", size = 5544989, upload-time = "2026-02-07T17:48:05.117Z" },
    { url = "https://files.pythonhosted.org/packages/d4/3d/02f8840f48a1e537c54c568ac7c7a1804b9db801b125a00fffbebce2a4f4/pydantic_monty-0.0.4-cp310-cp310-manylinux_2_17_ppc64le.manylinux2014_ppc64le.whl", hash = "sha256:820bd3a0f9e818c6849e0369789aa51b1ea7fd6035954db4e7676f1519b5f0d3", size = 5938860, upload-time = "2026-02-07T17:48:46.734Z" },
    { url = "https://files.pythonhosted.org/packages/ed/52/a651f42d08d5bb77dc9235e5a3d2a180b8278cd3d93b0136f835ffcae629/pydantic_monty-0.0.4-cp310-cp310-manylinux_2_17_s390x.manylinux2014_s390x.whl", hash = "sha256:4a7aeadad8bfc515decd8fe5e51f230b6ecaa84ff476154b52cd6c474134d2ae", size = 6130333, upload-time = "2026-02-07T17:48:30.064Z" },
    { url = "https://files.pythonhosted.org/packages/ce/57/5aa987d9d4064bbda23aa388ebc016884a0d65bfc4e5366150296180d3e9/pydantic_monty-0.0.4-cp310-cp310-manylinux_2_17_x86_64.manylinux2014_x86_64.whl", hash = "sha256:26a851eeb0f1a32e62dc4c83f80a6bc188d10de39e3df66e9881913510c1a033", size = 5973646, upload-time = "2026-02-07T17:47:45.73Z" },
    { url = "https://files.pythonhosted.org/packages/b1/e1/12ca9b922ffd6fcc24fc9facd23be54f7598a3c51cc60df2182259045638/pydantic_monty-0.0.4-cp310-cp310-manylinux_2_5_i686.manylinux1_i686.whl", hash = "sha256:bc23ac7f4e6cc802815b39663404db338d670a6c6af2f9b369eb8bfe57d74549", size = 5852739, upload-time = "2026-02-07T17:48:22.378Z" },
    { url = "https://files.pythonhosted.org/packages/c3/95/03cb65b849ee8fe3cc95f6091c68f3d0e56676b7bc2f2d68b04051bbabd5/pydantic_monty-0.0.4-cp310-cp310-musllinux_1_1_aarch64.whl", hash = "sha256:62bdbf79938da55a0d502a9b6f559790ee8a626e69aa8dfe2cb151422f99dc79", size = 5450218, upload-time = "2026-02-07T17:49:14.013Z" },
    { url = "https://files.pythonhosted.org/packages/f5/73/4d859fd75a3b04d325ee63e313236a82a7d2d166537a1989d0476c333f79/pydantic_monty-0.0.4-cp310-cp310-musllinux_1_1_x86_64.whl", hash = "sha256:0b4224dc71dd4b1ffd0d36dc55a80354664e351f3eabc2ed7da2d5cadace09b9", size = 5824229, upload-time = "2026-02-07T17:49:03.761Z" },
    { url = "https://files.pythonhosted.org/packages/18/a8/70e2c566415374eae76509acc9bf3d4a98a0c9adf04faf5da75db3e709f8/pydantic_monty-0.0.4-cp310-cp310-win32.whl", hash = "sha256:f7609364ca87e0e4a696590b55bf3b4b3ae6e714420d128e72df9cbcaa4167ad", size = 5428067, upload-time = "2026-02-07T17:48:12.171Z" },
    { url = "https://files.pythonhosted.org/packages/97/95/722f3f3c27cce2f418ed7cb170a6bd81b86b480180c1ae4d05440f328351/pydantic_monty-0.0.4-cp310-cp310-win_amd64.whl", hash = "sha256:b89e10e87bd38e4cdfb3f8893ab69de0ccab8c57de5cca262c9a55b3f6dc1b9e", size = 6058546, upload-time = "2026-02-07T17:49:07.146Z" },
    { url = "https://files.pythonhosted.org/packages/81/cf/53816f33283f979ba231267963e0df3637a434d51367b62f71c0dd6d568a/pydantic_monty-0.0.4-cp311-cp311-macosx_10_12_x86_64.whl", hash = "sha256:0bbfa7963fbb219a6a3fde206d5f01a7197c7375666d1559728269a2706f9526", size = 5460256, upload-time = "2026-02-07T17:48:51.405Z" },
    { url = "https://files.pythonhosted.org/packages/55/d7/527fb81440aaec76516b5fc1ae0c8cbef52c20367da853a82de590ae09f2/pydantic_monty-0.0.4-cp311-cp311-macosx_11_0_arm64.whl", hash = "sha256:9beff5046a4c59e8b3f3a1816988158c13a35dff20f27f50d6a58e0702e7bc29", size = 5561791, upload-time = "2026-02-07T17:49:22.943Z" },
    { url = "https://files.pythonhosted.org/packages/cb/0d/85f7902bd7c5cc696b3a583425e19c9656d3f661c51409cefd8db06e6404/pydantic_monty-0.0.4-cp311-cp311-manylinux_2_17_aarch64.manylinux2014_aarch64.whl", hash = "sha256:61ecfe3be3a4b4c7d9737b1412faff91794536af3d9ec67270d59c058f817a95", size = 5271367, upload-time = "2026-02-07T17:48:16.876Z" },
    { url = "https://files.pythonhosted.org/packages/dd/ae/067e6e5b6ae29536c82d85811b3b984bfc416cf9f0b59f3049926e839973/pydantic_monty-0.0.4-cp311-cp311-manylinux_2_17_armv7l.manylinux2014_armv7l.whl", hash = "sha256:62c25627382335292b0769eaa0a13c42800b2d211519d1d389f4203f8b19f5f9", size = 5543042, upload-time = "2026-02-07T17:47:47.796Z" },
    { url = "https://files.pythonhosted.org/packages/9a/ba/9f569a1fda0d643a8ca4ca40d7d808fcad3ddc482ae067a2d0cdc9f18e68/pydantic_monty-0.0.4-cp311-cp311-manylinux_2_17_ppc64le.manylinux2014_ppc64le.whl", hash = "sha256:2b3889cd7bff16222cd28892fe968153893ecf95b75e9d25935cd6d36b2f3703", size = 5938069, upload-time = "2026-02-07T17:48:31.507Z" },
    { url = "https://files.pythonhosted.org/packages/09/08/277ad24f8d52cfd74355e28f5681e32ca4375d9bbde538d05ad9a4b96a44/pydantic_monty-0.0.4-cp311-cp311-manylinux_2_17_s390x.manylinux2014_s390x.whl", hash = "sha256:74cc63650d03c9585f944ff00cd9890cdd06185513ed0a0d3bcba33248131f82", size = 6129865, upload-time = "2026-02-07T17:49:16.644Z" },
    { url = "https://files.pythonhosted.org/packages/95/8c/8107882b6331d3b6f1734c364e8f3a97309f21f561de0935db2fd6e46ec9/pydantic_monty-0.0.4-cp311-cp311-manylinux_2_17_x86_64.manylinux2014_x86_64.whl", hash = "sha256:568d1c1ee1f5dd866777fce72b2137d571d57b2c207da7bd87a1d63904d0f8f5", size = 5972716, upload-time = "2026-02-07T17:48:33.41Z" },
    { url = "https://files.pythonhosted.org/packages/7d/50/6614c6196d872cd1f0508d49f7630c6438f7ca43c65e31e836d166735c75/pydantic_monty-0.0.4-cp311-cp311-manylinux_2_5_i686.manylinux1_i686.whl", hash = "sha256:bd065bd3e9f114308574c17b42c8485a2d1eb8280ef9cc1bd304e0165d47315a", size = 5853098, upload-time = "2026-02-07T17:48:03.829Z" },
    { url = "https://files.pythonhosted.org/packages/18/7d/d34eb7e971bb3f27189b874e539312b7f815d312a1247dc5d4e20c7b4163/pydantic_monty-0.0.4-cp311-cp311-musllinux_1_1_aarch64.whl", hash = "sha256:11ea96ffb50ccd761c7446022d4b9ccf4aae2baa831da5873252ab920d071dcc", size = 5450401, upload-time = "2026-02-07T17:48:07.456Z" },
    { url = "https://files.pythonhosted.org/packages/80/16/0e4b6853da1f7626a316528175842de9850b2e5bbd2e92fc34a36a2109fc/pydantic_monty-0.0.4-cp311-cp311-musllinux_1_1_x86_64.whl", hash = "sha256:01463f078db28ed70cccee83d6e24ba18093ca64be385da93631a134d5880156", size = 5823851, upload-time = "2026-02-07T17:48:39.927Z" },
    { url = "https://files.pythonhosted.org/packages/a8/f3/50cec8af1ca02da45f1f990f2fd653cd84f660d2465d75011bcab0e460e6/pydantic_monty-0.0.4-cp311-cp311-win32.whl", hash = "sha256:195d0814e7088b4cfd48fa61ba034ba16a5289fe04789a6628658ed2336e17c8", size = 5427815, upload-time = "2026-02-07T17:48:09.332Z" },
    { url = "https://files.pythonhosted.org/packages/69/c9/d3521421568e72abbcfd47432f1438866a0881abf7611af34ea4439616b8/pydantic_monty-0.0.4-cp311-cp311-win_amd64.whl", hash = "sha256:e159f0fc84f89d6c281ac706f47a5185ae9e3617d807f4d8f8083db01a2755d5", size = 6057652, upload-time = "2026-02-07T17:48:28.631Z" },
    { url = "https://files.pythonhosted.org/packages/1d/da/a0f77b7bc223fd3e4bc6c5ff36d5d7dd416080e73acb3d5990f9c3fc0403/pydantic_monty-0.0.4-cp312-cp312-macosx_10_12_x86_64.whl", hash = "sha256:b110a14314a922be1fb3802e1da29b5f7dc7f1fed61da9c919c261d8f61b3ffc", size = 5460227, upload-time = "2026-02-07T17:47:56.167Z" },
    { url = "https://files.pythonhosted.org/packages/e6/e0/968729e98af0613104306a5aa5c460499f48c54d734bdd143bc5e6974f50/pydantic_monty-0.0.4-cp312-cp312-macosx_11_0_arm64.whl", hash = "sha256:a6ead7e1a84507e21e30297d0b131db17f5acde5311175c4fd9d505cd6c9862a", size = 5538013, upload-time = "2026-02-07T17:48:34.772Z" },
    { url = "https://files.pythonhosted.org/packages/68/0e/50003e8626a62ea54a8831872826b2a6311886ba9390927a0da8b71d0791/pydantic_monty-0.0.4-cp312-cp312-manylinux_2_17_aarch64.manylinux2014_aarch64.whl", hash = "sha256:203176419c2793764e36ca963adc65adb40c17e8a10c010e578b5a6484a5e864", size = 5272677, upload-time = "2026-02-07T17:48:41.239Z" },
    { url = "https://files.pythonhosted.org/packages/8d/ad/7bf9f4e79cefeb2aa55e542526186b66801c5ccf0d2273ddc0d1f2442f3d/pydantic_monty-0.0.4-cp312-cp312-manylinux_2_17_armv7l.manylinux2014_armv7l.whl", hash = "sha256:59a1eb39783af3c48e5d0947779008c8abebca7b6bc5ddbbf881daf42f095113", size = 5545980, upload-time = "2026-02-07T17:48:10.7Z" },
    { url = "https://files.pythonhosted.org/packages/ff/74/ef62add8a8b8b30812a5f9d0f14657ab0e696d3a91f8ecc114bcb21b0645/pydantic_monty-0.0.4-cp312-cp312-manylinux_2_17_ppc64le.manylinux2014_ppc64le.whl", hash = "sha256:98d4aab379d849a359df7fd5d053c2bba733a1c430df9e3b3e190efeaef345b4", size = 5939277, upload-time = "2026-02-07T17:49:08.701Z" },
    { url = "https://files.pythonhosted.org/packages/ac/b2/9e65211538cb05e12a8b1391b9fbcb4f33034d62221bc8fd54376a77b5c1/pydantic_monty-0.0.4-cp312-cp312-manylinux_2_17_s390x.manylinux2014_s390x.whl", hash = "sha256:e4e6bf8928874055c418ad4cd0dac455adc51793e7a9c86da466fb161e7e5df1", size = 6132635, upload-time = "2026-02-07T17:48:01.937Z" },
    { url = "https://files.pythonhosted.org/packages/e0/58/8b595f78261e444d0c4e9e8eb7334c86974c99feaa31747cae4c23c0a617/pydantic_monty-0.0.4-cp312-cp312-manylinux_2_17_x86_64.manylinux2014_x86_64.whl", hash = "sha256:fe93b13d798d3acaa9e9b9b423ba4e6cdd6175221e4fbe6699c2cc65a455293a", size = 5948529, upload-time = "2026-02-07T17:48:20.53Z" },
    { url = "https://files.pythonhosted.org/packages/18/52/1e91354dfe7eb335a0574f375a5249a342e9ee87d03eb3b5607060a99339/pydantic_monty-0.0.4-cp312-cp312-manylinux_2_5_i686.manylinux1_i686.whl", hash = "sha256:f4862b22f4b6a8ed9edfb358fe77844066a09f0155377f1a0ad227b98968d8e4", size = 5855376, upload-time = "2026-02-07T17:49:24.515Z" },
    { url = "https://files.pythonhosted.org/packages/03/c7/dec9486dca6a124f2987a56bc167f747a3c82e18e3080b6cce20c6d43c79/pydantic_monty-0.0.4-cp312-cp312-musllinux_1_1_aarch64.whl", hash = "sha256:025577bdf8b85ef975b7bbe0ad5c33730bc8606035d1ad31707b723329968604", size = 5450066, upload-time = "2026-02-07T17:48:18.745Z" },
    { url = "https://files.pythonhosted.org/packages/60/18/6f9a3c2b4ec28cea189ab0dc324e7c1a70643937a0ee835b15e8d49baeae/pydantic_monty-0.0.4-cp312-cp312-musllinux_1_1_x86_64.whl", hash = "sha256:234e04fd2c4a27a73ab4c4d2927cae938c4465e70b78e95c52237f8e77b78085", size = 5826060, upload-time = "2026-02-07T17:48:56.207Z" },
    { url = "https://files.pythonhosted.org/packages/c5/e2/9e7c5bcd0b1cf1cc5f6ca7a2037ab5ca85edcd5e938c36649e3b254b1df1/pydantic_monty-0.0.4-cp312-cp312-win32.whl", hash = "sha256:3901097664645da6d49df7f327b503254721cc2c44020fdab781498257f7d2ef", size = 5424456, upload-time = "2026-02-07T17:48:43.99Z" },
    { url = "https://files.pythonhosted.org/packages/14/d2/ed269925e6221bcf7f86eb0d984dc88b7a0f7dec10d68059ebd9930fcea9/pydantic_monty-0.0.4-cp312-cp312-win_amd64.whl", hash = "sha256:520f22a2f10b4d1e51857b5641ae78d04dbfef9677077d6c55536527067ce8d0", size = 6034389, upload-time = "2026-02-07T17:49:12.615Z" },
    { url = "https://files.pythonhosted.org/packages/9b/67/5cfa30e247bc5efd312604d0e6fe8f038b277a4d8a39558ee08a69b9f508/pydantic_monty-0.0.4-cp313-cp313-macosx_10_12_x86_64.whl", hash = "sha256:0a7b1857194e99368f4ade3878a6eb9741ebc7297bdbb21d255bc5608c9e204f", size = 5461244, upload-time = "2026-02-07T17:48:54.797Z" },
    { url = "https://files.pythonhosted.org/packages/c3/fa/9dbe8e4f4d52bed0fdf61ee8ca770ec667701c54c2e60d802fdd48cc0e6f/pydantic_monty-0.0.4-cp313-cp313-macosx_11_0_arm64.whl", hash = "sha256:271d0a374db72ba71f641eb93a41d1e857da01e4c6657e48dc5005856660b8d2", size = 5538279, upload-time = "2026-02-07T17:47:58.103Z" },
    { url = "https://files.pythonhosted.org/packages/90/1b/70a8e2103353bb3139bb1bb855ae80d9a68e4e797de8100b22915ce76e90/pydantic_monty-0.0.4-cp313-cp313-manylinux_2_17_aarch64.manylinux2014_aarch64.whl", hash = "sha256:ff07c0fd3b624d5907b280ecac22a7a926e4c463b9094ccea26adfd8dc988bae", size = 5273880, upload-time = "2026-02-07T17:49:10.691Z" },
    { url = "https://files.pythonhosted.org/packages/a3/04/3a5d20f8250c1e8b14b9425777f22cb5281068f7c542d4dc65304796b166/pydantic_monty-0.0.4-cp313-cp313-manylinux_2_17_armv7l.manylinux2014_armv7l.whl", hash = "sha256:09892488f816df82cd9a512fea6c4cd6b489bb67b3417c918092e3b5a2ac286f", size = 5546146, upload-time = "2026-02-07T17:47:52.116Z" },
    { url = "https://files.pythonhosted.org/packages/44/2c/0436ba6480492d6b9b597b3f45771ae18ab13ccb0655878dba523ddd6959/pydantic_monty-0.0.4-cp313-cp313-manylinux_2_17_ppc64le.manylinux2014_ppc64le.whl", hash = "sha256:f54a1df8f1084a83c147139dbefdd753dcf02db7bfdad647ad5f066be0702521", size = 5939953, upload-time = "2026-02-07T17:49:19.572Z" },
    { url = "https://files.pythonhosted.org/packages/4e/6f/834e83d893718386f3966a2956f603e2a802090e7777d81efdc872219ea7/pydantic_monty-0.0.4-cp313-cp313-manylinux_2_17_s390x.manylinux2014_s390x.whl", hash = "sha256:32ccdfbfeec80f638ab311eb6f28c63103fdf005237e0ecaf9fe349b492d60e1", size = 6133729, upload-time = "2026-02-07T17:47:54.195Z" },
    { url = "https://files.pythonhosted.org/packages/32/8e/a756ef7c712ce4ed2278cc3809a7552ed41d114d7b68411ac8dcfc1819fe/pydantic_monty-0.0.4-cp313-cp313-manylinux_2_17_x86_64.manylinux2014_x86_64.whl", hash = "sha256:4e489b3282e44310c49fc0ebdec37242c68d4deabf824457b37e15edf80e7793", size = 5948229, upload-time = "2026-02-07T17:48:59.395Z" },
    { url = "https://files.pythonhosted.org/packages/2b/d3/925805b8ddbc8b17eb0c76cb4e203269246bf6ca7a94fd6a09f455ce823f/pydantic_monty-0.0.4-cp313-cp313-manylinux_2_5_i686.manylinux1_i686.whl", hash = "sha256:b86319de9fcf4f305b37862af3842b99fdb17689a9e3385cfcc22c4647a3bbf6", size = 5856418, upload-time = "2026-02-07T17:48:48.183Z" },
    { url = "https://files.pythonhosted.org/packages/23/a8/32c66964d3c4853917be736b6ffd4013686487d7edc8c7a7460023627570/pydantic_monty-0.0.4-cp313-cp313-musllinux_1_1_aarch64.whl", hash = "sha256:33d3121aed1286b1f1b67b1101f4d375bbc137c80f59866d45869ffd03b51c52", size = 5450456, upload-time = "2026-02-07T17:49:18.163Z" },
    { url = "https://files.pythonhosted.org/packages/75/c3/ddb73b3da0d4608c77e3db8ad17e4dc87baf9b0de1c9d69c1d3976eb2e9f/pydantic_monty-0.0.4-cp313-cp313-musllinux_1_1_x86_64.whl", hash = "sha256:a08e31a1926d9fd6b499bb61fd6b471c6c2083da1ebc2c9665961a9717feb44f", size = 5826233, upload-time = "2026-02-07T17:48:00.048Z" },
    { url = "https://files.pythonhosted.org/packages/44/d9/8a8672186f1d1eb8f3dacf852ed4cd59309caa017ec8bd5866f99f750954/pydantic_monty-0.0.4-cp313-cp313-win32.whl", hash = "sha256:d78531b7462e9f66b496a330e1f96372561d1bd8b4a3051f7a07b85a41a04b01", size = 5425846, upload-time = "2026-02-07T17:48:42.683Z" },
    { url = "https://files.pythonhosted.org/packages/51/31/11dc4c64d64220198cd2f25a70bff9a4b12a5563e500297253a0dad59647/pydantic_monty-0.0.4-cp313-cp313-win_amd64.whl", hash = "sha256:2d1a2382a782b5a4f6d73d613ab9e606cfcfdb0c2ff0364da47bc55e8566b2e7", size = 6035012, upload-time = "2026-02-07T17:49:01.575Z" },
    { url = "https://files.pythonhosted.org/packages/8a/7b/9ac7775950abf33048949204234a48d5b1bef293fc87e8d1eed52ce2f4e3/pydantic_monty-0.0.4-cp314-cp314-macosx_10_12_x86_64.whl", hash = "sha256:8da2fb6e2b6b2db9dd6366266011f98b82ed46a1ba359f67a7372fbc6ace6105", size = 5464267, upload-time = "2026-02-07T17:49:26.199Z" },
    { url = "https://files.pythonhosted.org/packages/7a/4b/2ba526a09e70fb3c33d02b78e2cf01188f630f0a2d954239a91fb8942df5/pydantic_monty-0.0.4-cp314-cp314-macosx_11_0_arm64.whl", hash = "sha256:15f29cf3d1804ad90a487fffc32d516c800ec567a5b1dec5ae27da1a76218efa", size = 5554320, upload-time = "2026-02-07T17:47:49.997Z" },
    { url = "https://files.pythonhosted.org/packages/ec/51/e569e652a777febab2efa7a134053f62b1a010f454ec31010c511b6e9af8/pydantic_monty-0.0.4-cp314-cp314-manylinux_2_17_aarch64.manylinux2014_aarch64.whl", hash = "sha256:6534125477f5c562450334d8a94eef40706b2700c54174a106929f86ace1ead7", size = 5275934, upload-time = "2026-02-07T17:48:57.798Z" },
    { url = "https://files.pythonhosted.org/packages/da/8e/feff0ada9aa343696bb07571c96f8beb8c1a9013d2abd596849620c66e9a/pydantic_monty-0.0.4-cp314-cp314-manylinux_2_17_armv7l.manylinux2014_armv7l.whl", hash = "sha256:e8922a68e4ce810e08fd6e6228f9c356d7a60f028507cc35c1aa60505ca87bf2", size = 5546145, upload-time = "2026-02-07T17:48:24.193Z" },
    { url = "https://files.pythonhosted.org/packages/59/84/d8fdf463c2c266ca915708d320a003afcacb9e627d00ab0005b77d158b5c/pydantic_monty-0.0.4-cp314-cp314-manylinux_2_17_ppc64le.manylinux2014_ppc64le.whl", hash = "sha256:9cf8c4e14c3ffb9d2cc467cfa33c25825e8cc3d690b47d056f28485d6e7a29a2", size = 5943406, upload-time = "2026-02-07T17:48:36.726Z" },
    { url = "https://files.pythonhosted.org/packages/80/f9/196fcffd12b705269d0f7fead9298e09ddab8e9d1a38d1db02021db982be/pydantic_monty-0.0.4-cp314-cp314-manylinux_2_17_s390x.manylinux2014_s390x.whl", hash = "sha256:06f4db63658a8a8f76e0dc9a94efdf8bba0dac14596d94e35342440d95ae37a3", size = 6135772, upload-time = "2026-02-07T17:49:05.743Z" },
    { url = "https://files.pythonhosted.org/packages/b3/1e/56bc5a1dddd6d2961002c58decb560f87e68a84f4dd0264a769a8430c3b3/pydantic_monty-0.0.4-cp314-cp314-manylinux_2_17_x86_64.manylinux2014_x86_64.whl", hash = "sha256:3b7bdf48414576958029bad37b66d407b2b90aa6859a6a32b2191ada10d63f82", size = 5966127, upload-time = "2026-02-07T17:48:38.199Z" },
    { url = "https://files.pythonhosted.org/packages/51/0c/cd6295d1f8b086ced40e8ce5ad31a2654ce772a7a7735ccacb1fa9248998/pydantic_monty-0.0.4-cp314-cp314-manylinux_2_5_i686.manylinux1_i686.whl", hash = "sha256:56c1cfae27ec5af72bf036e59430c2f07d6e2f75666bea1f56904a13aa261f3e", size = 5858649, upload-time = "2026-02-07T17:48:49.594Z" },
    { url = "https://files.pythonhosted.org/packages/ac/65/1c86615f31fc6f000d0e69ec2b609b0b9e7cb91170d565d78defc93cae44/pydantic_monty-0.0.4-cp314-cp314-musllinux_1_1_aarch64.whl", hash = "sha256:90cfa051d6b9614f4f19bd27c1d169b5da3e1878f989ee30eab0f5cd4f5e1d2a", size = 5452121, upload-time = "2026-02-07T17:48:25.578Z" },
    { url = "https://files.pythonhosted.org/packages/ee/5e/4a340ba05d83949d711ab200f12441313d4696566f4f18321f9e6d7b66e8/pydantic_monty-0.0.4-cp314-cp314-musllinux_1_1_x86_64.whl", hash = "sha256:f7128b2f3a15b92402fd6fa268e58f0e92710368aff65e51993b53db12ecc391", size = 5827769, upload-time = "2026-02-07T17:48:26.985Z" },
    { url = "https://files.pythonhosted.org/packages/bc/22/3dc6ce1596cac9bf383889f95f1d5d8026256aced1eba41336ac7134850b/pydantic_monty-0.0.4-cp314-cp314-win32.whl", hash = "sha256:9d9fcf9e74b632b916cbc04cd72fba5bfeeda376d4301afdcba20ac603625110", size = 5427671, upload-time = "2026-02-07T17:49:28.024Z" },
    { url = "https://files.pythonhosted.org/packages/8a/64/f5861d2fadfe0dc390f74b59612af056ccaf535ff54dc04f287d192f686b/pydantic_monty-0.0.4-cp314-cp314-win_amd64.whl", hash = "sha256:c2d05bd93fb65f6dfd9c072158a9827fd544ca5e44e972dbbf2d6010668c4882", size = 6053509, upload-time = "2026-02-07T17:49:20.97Z" },
]

[[package]]
name = "pygments"
version = "2.19.2"
source = { registry = "https://pypi.org/simple" }
sdist = { url = "https://files.pythonhosted.org/packages/b0/77/a5b8c569bf593b0140bde72ea885a803b82086995367bf2037de0159d924/pygments-2.19.2.tar.gz", hash = "sha256:636cb2477cec7f8952536970bc533bc43743542f70392ae026374600add5b887", size = 4968631, upload-time = "2025-06-21T13:39:12.283Z" }
wheels = [
    { url = "https://files.pythonhosted.org/packages/c7/21/705964c7812476f378728bdf590ca4b771ec72385c533964653c68e86bdc/pygments-2.19.2-py3-none-any.whl", hash = "sha256:86540386c03d588bb81d44bc3928634ff26449851e99741617ecb9037ee5ec0b", size = 1225217, upload-time = "2025-06-21T13:39:07.939Z" },
]

[[package]]
name = "pytest"
version = "9.0.2"
source = { registry = "https://pypi.org/simple" }
dependencies = [
    { name = "colorama", marker = "sys_platform == 'win32'" },
    { name = "exceptiongroup", marker = "python_full_version < '3.11'" },
    { name = "iniconfig" },
    { name = "packaging" },
    { name = "pluggy" },
    { name = "pygments" },
    { name = "tomli", marker = "python_full_version < '3.11'" },
]
sdist = { url = "https://files.pythonhosted.org/packages/d1/db/7ef3487e0fb0049ddb5ce41d3a49c235bf9ad299b6a25d5780a89f19230f/pytest-9.0.2.tar.gz", hash = "sha256:75186651a92bd89611d1d9fc20f0b4345fd827c41ccd5c299a868a05d70edf11", size = 1568901, upload-time = "2025-12-06T21:30:51.014Z" }
wheels = [
    { url = "https://files.pythonhosted.org/packages/3b/ab/b3226f0bd7cdcf710fbede2b3548584366da3b19b5021e74f5bde2a8fa3f/pytest-9.0.2-py3-none-any.whl", hash = "sha256:711ffd45bf766d5264d487b917733b453d917afd2b0ad65223959f59089f875b", size = 374801, upload-time = "2025-12-06T21:30:49.154Z" },
]

[[package]]
name = "tomli"
version = "2.4.0"
source = { registry = "https://pypi.org/simple" }
sdist = { url = "https://files.pythonhosted.org/packages/82/30/31573e9457673ab10aa432461bee537ce6cef177667deca369efb79df071/tomli-2.4.0.tar.gz", hash = "sha256:aa89c3f6c277dd275d8e243ad24f3b5e701491a860d5121f2cdd399fbb31fc9c", size = 17477, upload-time = "2026-01-11T11:22:38.165Z" }
wheels = [
    { url = "https://files.pythonhosted.org/packages/3c/d9/3dc2289e1f3b32eb19b9785b6a006b28ee99acb37d1d47f78d4c10e28bf8/tomli-2.4.0-cp311-cp311-macosx_10_9_x86_64.whl", hash = "sha256:b5ef256a3fd497d4973c11bf142e9ed78b150d36f5773f1ca6088c230ffc5867", size = 153663, upload-time = "2026-01-11T11:21:45.27Z" },
    { url = "https://files.pythonhosted.org/packages/51/32/ef9f6845e6b9ca392cd3f64f9ec185cc6f09f0a2df3db08cbe8809d1d435/tomli-2.4.0-cp311-cp311-macosx_11_0_arm64.whl", hash = "sha256:5572e41282d5268eb09a697c89a7bee84fae66511f87533a6f88bd2f7b652da9", size = 148469, upload-time = "2026-01-11T11:21:46.873Z" },
    { url = "https://files.pythonhosted.org/packages/d6/c2/506e44cce89a8b1b1e047d64bd495c22c9f71f21e05f380f1a950dd9c217/tomli-2.4.0-cp311-cp311-manylinux2014_aarch64.manylinux_2_17_aarch64.manylinux_2_28_aarch64.whl", hash = "sha256:551e321c6ba03b55676970b47cb1b73f14a0a4dce6a3e1a9458fd6d921d72e95", size = 236039, upload-time = "2026-01-11T11:21:48.503Z" },
    { url = "https://files.pythonhosted.org/packages/b3/40/e1b65986dbc861b7e986e8ec394598187fa8aee85b1650b01dd925ca0be8/tomli-2.4.0-cp311-cp311-manylinux2014_x86_64.manylinux_2_17_x86_64.manylinux_2_28_x86_64.whl", hash = "sha256:5e3f639a7a8f10069d0e15408c0b96a2a828cfdec6fca05296ebcdcc28ca7c76", size = 243007, upload-time = "2026-01-11T11:21:49.456Z" },
    { url = "https://files.pythonhosted.org/packages/9c/6f/6e39ce66b58a5b7ae572a0f4352ff40c71e8573633deda43f6a379d56b3e/tomli-2.4.0-cp311-cp311-musllinux_1_2_aarch64.whl", hash = "sha256:1b168f2731796b045128c45982d3a4874057626da0e2ef1fdd722848b741361d", size = 240875, upload-time = "2026-01-11T11:21:50.755Z" },
    { url = "https://files.pythonhosted.org/packages/aa/ad/cb089cb190487caa80204d503c7fd0f4d443f90b95cf4ef5cf5aa0f439b0/tomli-2.4.0-cp311-cp311-musllinux_1_2_x86_64.whl", hash = "sha256:133e93646ec4300d651839d382d63edff11d8978be23da4cc106f5a18b7d0576", size = 246271, upload-time = "2026-01-11T11:21:51.81Z" },
    { url = "https://files.pythonhosted.org/packages/0b/63/69125220e47fd7a3a27fd0de0c6398c89432fec41bc739823bcc66506af6/tomli-2.4.0-cp311-cp311-win32.whl", hash = "sha256:b6c78bdf37764092d369722d9946cb65b8767bfa4110f902a1b2542d8d173c8a", size = 96770, upload-time = "2026-01-11T11:21:52.647Z" },
    { url = "https://files.pythonhosted.org/packages/1e/0d/a22bb6c83f83386b0008425a6cd1fa1c14b5f3dd4bad05e98cf3dbbf4a64/tomli-2.4.0-cp311-cp311-win_amd64.whl", hash = "sha256:d3d1654e11d724760cdb37a3d7691f0be9db5fbdaef59c9f532aabf87006dbaa", size = 107626, upload-time = "2026-01-11T11:21:53.459Z" },
    { url = "https://files.pythonhosted.org/packages/2f/6d/77be674a3485e75cacbf2ddba2b146911477bd887dda9d8c9dfb2f15e871/tomli-2.4.0-cp311-cp311-win_arm64.whl", hash = "sha256:cae9c19ed12d4e8f3ebf46d1a75090e4c0dc16271c5bce1c833ac168f08fb614", size = 94842, upload-time = "2026-01-11T11:21:54.831Z" },
    { url = "https://files.pythonhosted.org/packages/3c/43/7389a1869f2f26dba52404e1ef13b4784b6b37dac93bac53457e3ff24ca3/tomli-2.4.0-cp312-cp312-macosx_10_13_x86_64.whl", hash = "sha256:920b1de295e72887bafa3ad9f7a792f811847d57ea6b1215154030cf131f16b1", size = 154894, upload-time = "2026-01-11T11:21:56.07Z" },
    { url = "https://files.pythonhosted.org/packages/e9/05/2f9bf110b5294132b2edf13fe6ca6ae456204f3d749f623307cbb7a946f2/tomli-2.4.0-cp312-cp312-macosx_11_0_arm64.whl", hash = "sha256:7d6d9a4aee98fac3eab4952ad1d73aee87359452d1c086b5ceb43ed02ddb16b8", size = 149053, upload-time = "2026-01-11T11:21:57.467Z" },
    { url = "https://files.pythonhosted.org/packages/e8/41/1eda3ca1abc6f6154a8db4d714a4d35c4ad90adc0bcf700657291593fbf3/tomli-2.4.0-cp312-cp312-manylinux2014_aarch64.manylinux_2_17_aarch64.manylinux_2_28_aarch64.whl", hash = "sha256:36b9d05b51e65b254ea6c2585b59d2c4cb91c8a3d91d0ed0f17591a29aaea54a", size = 243481, upload-time = "2026-01-11T11:21:58.661Z" },
    { url = "https://files.pythonhosted.org/packages/d2/6d/02ff5ab6c8868b41e7d4b987ce2b5f6a51d3335a70aa144edd999e055a01/tomli-2.4.0-cp312-cp312-manylinux2014_x86_64.manylinux_2_17_x86_64.manylinux_2_28_x86_64.whl", hash = "sha256:1c8a885b370751837c029ef9bc014f27d80840e48bac415f3412e6593bbc18c1", size = 251720, upload-time = "2026-01-11T11:22:00.178Z" },
    { url = "https://files.pythonhosted.org/packages/7b/57/0405c59a909c45d5b6f146107c6d997825aa87568b042042f7a9c0afed34/tomli-2.4.0-cp312-cp312-musllinux_1_2_aarch64.whl", hash = "sha256:8768715ffc41f0008abe25d808c20c3d990f42b6e2e58305d5da280ae7d1fa3b", size = 247014, upload-time = "2026-01-11T11:22:01.238Z" },
    { url = "https://files.pythonhosted.org/packages/2c/0e/2e37568edd944b4165735687cbaf2fe3648129e440c26d02223672ee0630/tomli-2.4.0-cp312-cp312-musllinux_1_2_x86_64.whl", hash = "sha256:7b438885858efd5be02a9a133caf5812b8776ee0c969fea02c45e8e3f296ba51", size = 251820, upload-time = "2026-01-11T11:22:02.727Z" },
    { url = "https://files.pythonhosted.org/packages/5a/1c/ee3b707fdac82aeeb92d1a113f803cf6d0f37bdca0849cb489553e1f417a/tomli-2.4.0-cp312-cp312-win32.whl", hash = "sha256:0408e3de5ec77cc7f81960c362543cbbd91ef883e3138e81b729fc3eea5b9729", size = 97712, upload-time = "2026-01-11T11:22:03.777Z" },
    { url = "https://files.pythonhosted.org/packages/69/13/c07a9177d0b3bab7913299b9278845fc6eaaca14a02667c6be0b0a2270c8/tomli-2.4.0-cp312-cp312-win_amd64.whl", hash = "sha256:685306e2cc7da35be4ee914fd34ab801a6acacb061b6a7abca922aaf9ad368da", size = 108296, upload-time = "2026-01-11T11:22:04.86Z" },
    { url = "https://files.pythonhosted.org/packages/18/27/e267a60bbeeee343bcc279bb9e8fbed0cbe224bc7b2a3dc2975f22809a09/tomli-2.4.0-cp312-cp312-win_arm64.whl", hash = "sha256:5aa48d7c2356055feef06a43611fc401a07337d5b006be13a30f6c58f869e3c3", size = 94553, upload-time = "2026-01-11T11:22:05.854Z" },
    { url = "https://files.pythonhosted.org/packages/34/91/7f65f9809f2936e1f4ce6268ae1903074563603b2a2bd969ebbda802744f/tomli-2.4.0-cp313-cp313-macosx_10_13_x86_64.whl", hash = "sha256:84d081fbc252d1b6a982e1870660e7330fb8f90f676f6e78b052ad4e64714bf0", size = 154915, upload-time = "2026-01-11T11:22:06.703Z" },
    { url = "https://files.pythonhosted.org/packages/20/aa/64dd73a5a849c2e8f216b755599c511badde80e91e9bc2271baa7b2cdbb1/tomli-2.4.0-cp313-cp313-macosx_11_0_arm64.whl", hash = "sha256:9a08144fa4cba33db5255f9b74f0b89888622109bd2776148f2597447f92a94e", size = 149038, upload-time = "2026-01-11T11:22:07.56Z" },
    { url = "https://files.pythonhosted.org/packages/9e/8a/6d38870bd3d52c8d1505ce054469a73f73a0fe62c0eaf5dddf61447e32fa/tomli-2.4.0-cp313-cp313-manylinux2014_aarch64.manylinux_2_17_aarch64.manylinux_2_28_aarch64.whl", hash = "sha256:c73add4bb52a206fd0c0723432db123c0c75c280cbd67174dd9d2db228ebb1b4", size = 242245, upload-time = "2026-01-11T11:22:08.344Z" },
    { url = "https://files.pythonhosted.org/packages/59/bb/8002fadefb64ab2669e5b977df3f5e444febea60e717e755b38bb7c41029/tomli-2.4.0-cp313-cp313-manylinux2014_x86_64.manylinux_2_17_x86_64.manylinux_2_28_x86_64.whl", hash = "sha256:1fb2945cbe303b1419e2706e711b7113da57b7db31ee378d08712d678a34e51e", size = 250335, upload-time = "2026-01-11T11:22:09.951Z" },
    { url = "https://files.pythonhosted.org/packages/a5/3d/4cdb6f791682b2ea916af2de96121b3cb1284d7c203d97d92d6003e91c8d/tomli-2.4.0-cp313-cp313-musllinux_1_2_aarch64.whl", hash = "sha256:bbb1b10aa643d973366dc2cb1ad94f99c1726a02343d43cbc011edbfac579e7c", size = 245962, upload-time = "2026-01-11T11:22:11.27Z" },
    { url = "https://files.pythonhosted.org/packages/f2/4a/5f25789f9a460bd858ba9756ff52d0830d825b458e13f754952dd15fb7bb/tomli-2.4.0-cp313-cp313-musllinux_1_2_x86_64.whl", hash = "sha256:4cbcb367d44a1f0c2be408758b43e1ffb5308abe0ea222897d6bfc8e8281ef2f", size = 250396, upload-time = "2026-01-11T11:22:12.325Z" },
    { url = "https://files.pythonhosted.org/packages/aa/2f/b73a36fea58dfa08e8b3a268750e6853a6aac2a349241a905ebd86f3047a/tomli-2.4.0-cp313-cp313-win32.whl", hash = "sha256:7d49c66a7d5e56ac959cb6fc583aff0651094ec071ba9ad43df785abc2320d86", size = 97530, upload-time = "2026-01-11T11:22:13.865Z" },
    { url = "https://files.pythonhosted.org/packages/3b/af/ca18c134b5d75de7e8dc551c5234eaba2e8e951f6b30139599b53de9c187/tomli-2.4.0-cp313-cp313-win_amd64.whl", hash = "sha256:3cf226acb51d8f1c394c1b310e0e0e61fecdd7adcb78d01e294ac297dd2e7f87", size = 108227, upload-time = "2026-01-11T11:22:15.224Z" },
    { url = "https://files.pythonhosted.org/packages/22/c3/b386b832f209fee8073c8138ec50f27b4460db2fdae9ffe022df89a57f9b/tomli-2.4.0-cp313-cp313-win_arm64.whl", hash = "sha256:d20b797a5c1ad80c516e41bc1fb0443ddb5006e9aaa7bda2d71978346aeb9132", size = 94748, upload-time = "2026-01-11T11:22:16.009Z" },
    { url = "https://files.pythonhosted.org/packages/f3/c4/84047a97eb1004418bc10bdbcfebda209fca6338002eba2dc27cc6d13563/tomli-2.4.0-cp314-cp314-macosx_10_15_x86_64.whl", hash = "sha256:26ab906a1eb794cd4e103691daa23d95c6919cc2fa9160000ac02370cc9dd3f6", size = 154725, upload-time = "2026-01-11T11:22:17.269Z" },
    { url = "https://files.pythonhosted.org/packages/a8/5d/d39038e646060b9d76274078cddf146ced86dc2b9e8bbf737ad5983609a0/tomli-2.4.0-cp314-cp314-macosx_11_0_arm64.whl", hash = "sha256:20cedb4ee43278bc4f2fee6cb50daec836959aadaf948db5172e776dd3d993fc", size = 148901, upload-time = "2026-01-11T11:22:18.287Z" },
    { url = "https://files.pythonhosted.org/packages/73/e5/383be1724cb30f4ce44983d249645684a48c435e1cd4f8b5cded8a816d3c/tomli-2.4.0-cp314-cp314-manylinux2014_aarch64.manylinux_2_17_aarch64.manylinux_2_28_aarch64.whl", hash = "sha256:39b0b5d1b6dd03684b3fb276407ebed7090bbec989fa55838c98560c01113b66", size = 243375, upload-time = "2026-01-11T11:22:19.154Z" },
    { url = "https://files.pythonhosted.org/packages/31/f0/bea80c17971c8d16d3cc109dc3585b0f2ce1036b5f4a8a183789023574f2/tomli-2.4.0-cp314-cp314-manylinux2014_x86_64.manylinux_2_17_x86_64.manylinux_2_28_x86_64.whl", hash = "sha256:a26d7ff68dfdb9f87a016ecfd1e1c2bacbe3108f4e0f8bcd2228ef9a766c787d", size = 250639, upload-time = "2026-01-11T11:22:20.168Z" },
    { url = "https://files.pythonhosted.org/packages/2c/8f/2853c36abbb7608e3f945d8a74e32ed3a74ee3a1f468f1ffc7d1cb3abba6/tomli-2.4.0-cp314-cp314-musllinux_1_2_aarch64.whl", hash = "sha256:20ffd184fb1df76a66e34bd1b36b4a4641bd2b82954befa32fe8163e79f1a702", size = 246897, upload-time = "2026-01-11T11:22:21.544Z" },
    { url = "https://files.pythonhosted.org/packages/49/f0/6c05e3196ed5337b9fe7ea003e95fd3819a840b7a0f2bf5a408ef1dad8ed/tomli-2.4.0-cp314-cp314-musllinux_1_2_x86_64.whl", hash = "sha256:75c2f8bbddf170e8effc98f5e9084a8751f8174ea6ccf4fca5398436e0320bc8", size = 254697, upload-time = "2026-01-11T11:22:23.058Z" },
    { url = "https://files.pythonhosted.org/packages/f3/f5/2922ef29c9f2951883525def7429967fc4d8208494e5ab524234f06b688b/tomli-2.4.0-cp314-cp314-win32.whl", hash = "sha256:31d556d079d72db7c584c0627ff3a24c5d3fb4f730221d3444f3efb1b2514776", size = 98567, upload-time = "2026-01-11T11:22:24.033Z" },
    { url = "https://files.pythonhosted.org/packages/7b/31/22b52e2e06dd2a5fdbc3ee73226d763b184ff21fc24e20316a44ccc4d96b/tomli-2.4.0-cp314-cp314-win_amd64.whl", hash = "sha256:43e685b9b2341681907759cf3a04e14d7104b3580f808cfde1dfdb60ada85475", size = 108556, upload-time = "2026-01-11T11:22:25.378Z" },
    { url = "https://files.pythonhosted.org/packages/48/3d/5058dff3255a3d01b705413f64f4306a141a8fd7a251e5a495e3f192a998/tomli-2.4.0-cp314-cp314-win_arm64.whl", hash = "sha256:3d895d56bd3f82ddd6faaff993c275efc2ff38e52322ea264122d72729dca2b2", size = 96014, upload-time = "2026-01-11T11:22:26.138Z" },
    { url = "https://files.pythonhosted.org/packages/b8/4e/75dab8586e268424202d3a1997ef6014919c941b50642a1682df43204c22/tomli-2.4.0-cp314-cp314t-macosx_10_15_x86_64.whl", hash = "sha256:5b5807f3999fb66776dbce568cc9a828544244a8eb84b84b9bafc080c99597b9", size = 163339, upload-time = "2026-01-11T11:22:27.143Z" },
    { url = "https://files.pythonhosted.org/packages/06/e3/b904d9ab1016829a776d97f163f183a48be6a4deb87304d1e0116a349519/tomli-2.4.0-cp314-cp314t-macosx_11_0_arm64.whl", hash = "sha256:c084ad935abe686bd9c898e62a02a19abfc9760b5a79bc29644463eaf2840cb0", size = 159490, upload-time = "2026-01-11T11:22:28.399Z" },
    { url = "https://files.pythonhosted.org/packages/e3/5a/fc3622c8b1ad823e8ea98a35e3c632ee316d48f66f80f9708ceb4f2a0322/tomli-2.4.0-cp314-cp314t-manylinux2014_aarch64.manylinux_2_17_aarch64.manylinux_2_28_aarch64.whl", hash = "sha256:0f2e3955efea4d1cfbcb87bc321e00dc08d2bcb737fd1d5e398af111d86db5df", size = 269398, upload-time = "2026-01-11T11:22:29.345Z" },
    { url = "https://files.pythonhosted.org/packages/fd/33/62bd6152c8bdd4c305ad9faca48f51d3acb2df1f8791b1477d46ff86e7f8/tomli-2.4.0-cp314-cp314t-manylinux2014_x86_64.manylinux_2_17_x86_64.manylinux_2_28_x86_64.whl", hash = "sha256:0e0fe8a0b8312acf3a88077a0802565cb09ee34107813bba1c7cd591fa6cfc8d", size = 276515, upload-time = "2026-01-11T11:22:30.327Z" },
    { url = "https://files.pythonhosted.org/packages/4b/ff/ae53619499f5235ee4211e62a8d7982ba9e439a0fb4f2f351a93d67c1dd2/tomli-2.4.0-cp314-cp314t-musllinux_1_2_aarch64.whl", hash = "sha256:413540dce94673591859c4c6f794dfeaa845e98bf35d72ed59636f869ef9f86f", size = 273806, upload-time = "2026-01-11T11:22:32.56Z" },
    { url = "https://files.pythonhosted.org/packages/47/71/cbca7787fa68d4d0a9f7072821980b39fbb1b6faeb5f5cf02f4a5559fa28/tomli-2.4.0-cp314-cp314t-musllinux_1_2_x86_64.whl", hash = "sha256:0dc56fef0e2c1c470aeac5b6ca8cc7b640bb93e92d9803ddaf9ea03e198f5b0b", size = 281340, upload-time = "2026-01-11T11:22:33.505Z" },
    { url = "https://files.pythonhosted.org/packages/f5/00/d595c120963ad42474cf6ee7771ad0d0e8a49d0f01e29576ee9195d9ecdf/tomli-2.4.0-cp314-cp314t-win32.whl", hash = "sha256:d878f2a6707cc9d53a1be1414bbb419e629c3d6e67f69230217bb663e76b5087", size = 108106, upload-time = "2026-01-11T11:22:34.451Z" },
    { url = "https://files.pythonhosted.org/packages/de/69/9aa0c6a505c2f80e519b43764f8b4ba93b5a0bbd2d9a9de6e2b24271b9a5/tomli-2.4.0-cp314-cp314t-win_amd64.whl", hash = "sha256:2add28aacc7425117ff6364fe9e06a183bb0251b03f986df0e78e974047571fd", size = 120504, upload-time = "2026-01-11T11:22:35.764Z" },
    { url = "https://files.pythonhosted.org/packages/b3/9f/f1668c281c58cfae01482f7114a4b88d345e4c140386241a1a24dcc9e7bc/tomli-2.4.0-cp314-cp314t-win_arm64.whl", hash = "sha256:2b1e3b80e1d5e52e40e9b924ec43d81570f0e7d09d11081b797bc4692765a3d4", size = 99561, upload-time = "2026-01-11T11:22:36.624Z" },
    { url = "https://files.pythonhosted.org/packages/23/d1/136eb2cb77520a31e1f64cbae9d33ec6df0d78bdf4160398e86eec8a8754/tomli-2.4.0-py3-none-any.whl", hash = "sha256:1f776e7d669ebceb01dee46484485f43a4048746235e683bcdffacdf1fb4785a", size = 14477, upload-time = "2026-01-11T11:22:37.446Z" },
]

[[package]]
name = "typing-extensions"
version = "4.15.0"
source = { registry = "https://pypi.org/simple" }
sdist = { url = "https://files.pythonhosted.org/packages/72/94/1a15dd82efb362ac84269196e94cf00f187f7ed21c242792a923cdb1c61f/typing_extensions-4.15.0.tar.gz", hash = "sha256:0cea48d173cc12fa28ecabc3b837ea3cf6f38c6d1136f85cbaaf598984861466", size = 109391, upload-time = "2025-08-25T13:49:26.313Z" }
wheels = [
    { url = "https://files.pythonhosted.org/packages/18/67/36e9267722cc04a6b9f15c7f3441c2363321a3ea07da7ae0c0707beb2a9c/typing_extensions-4.15.0-py3-none-any.whl", hash = "sha256:f0fa19c6845758ab08074a0cfa8b7aecb71c999ca73d62883bc25cc018c4e548", size = 44614, upload-time = "2025-08-25T13:49:24.86Z" },
]
